
Microsoft Visual Studio Solution File, Format Version 12.00
# Visual Studio Version 16
VisualStudioVersion = 16.0.33328.57
MinimumVisualStudioVersion = 10.0.40219.1
Project("{8BC9CEB8-8B4A-11D0-8D11-00A0C91BC942}") = "Toko Online", "Toko Online.vcxproj", "{823CADE3-93E9-4693-B044-3677472C63CA}"
EndProject
Global
	GlobalSection(SolutionConfigurationPlatforms) = preSolution
		Debug|x64 = Debug|x64
		Debug|x86 = Debug|x86
		Release|x64 = Release|x64
		Release|x86 = Release|x86
	EndGlobalSection
	GlobalSection(ProjectConfigurationPlatforms) = postSolution
		{823CADE3-93E9-4693-B044-3677472C63CA}.Debug|x64.ActiveCfg = Debug|x64
		{823CADE3-93E9-4693-B044-3677472C63CA}.Debug|x64.Build.0 = Debug|x64
		{823CADE3-93E9-4693-B044-3677472C63CA}.Debug|x86.ActiveCfg = Debug|Win32
		{823CADE3-93E9-4693-B044-3677472C63CA}.Debug|x86.Build.0 = Debug|Win32
		{823CADE3-93E9-4693-B044-3677472C63CA}.Release|x64.ActiveCfg = Release|x64
		{823CADE3-93E9-4693-B044-3677472C63CA}.Release|x64.Build.0 = Release|x64
		{823CADE3-93E9-4693-B044-3677472C63CA}.Release|x86.ActiveCfg = Release|Win32
		{823CADE3-93E9-4693-B044-3677472C63CA}.Release|x86.Build.0 = Release|Win32
	EndGlobalSection
	GlobalSection(SolutionProperties) = preSolution
		HideSolutionNode = FALSE
	EndGlobalSection
	GlobalSection(ExtensibilityGlobals) = postSolution
		SolutionGuid = {DEE1243F-7048-4D28-AAF2-62893939B510}
	EndGlobalSection
EndGlobal
